// !$*UTF8*$!
{
	archiveVersion = 1;
	classes = {
	};
	objectVersion = 77;
	objects = {

/* Begin PBXBuildFile section */
		A73BA49C2E37EBA9003B1EDB /* README.md in Resources */ = {isa = PBXBuildFile; fileRef = A73BA49B2E37EBA9003B1EDB /* README.md */; };
/* End PBXBuildFile section */

/* Begin PBXContainerItemProxy section */
		A739F4402E37E26600C90485 /* PBXContainerItemProxy */ = {
			isa = PBXContainerItemProxy;
			containerPortal = A739F42A2E37E26500C90485 /* Project object */;
			proxyType = 1;
			remoteGlobalIDString = A739F4312E37E26500C90485;
			remoteInfo = SEIMobileAssessment;
		};
		A739F44A2E37E26600C90485 /* PBXContainerItemProxy */ = {
			isa = PBXContainerItemProxy;
			containerPortal = A739F42A2E37E26500C90485 /* Project object */;
			proxyType = 1;
			remoteGlobalIDString = A739F4312E37E26500C90485;
			remoteInfo = SEIMobileAssessment;
		};
/* End PBXContainerItemProxy section */

/* Begin PBXFileReference section */
		A739F4322E37E26500C90485 /* SEIMobileAssessment.app */ = {isa = PBXFileReference; explicitFileType = wrapper.application; includeInIndex = 0; path = SEIMobileAssessment.app; sourceTree = BUILT_PRODUCTS_DIR; };
		A739F43F2E37E26600C90485 /* SEIMobileAssessmentTests.xctest */ = {isa = PBXFileReference; explicitFileType = wrapper.cfbundle; includeInIndex = 0; path = SEIMobileAssessmentTests.xctest; sourceTree = BUILT_PRODUCTS_DIR; };
		A739F4492E37E26600C90485 /* SEIMobileAssessmentUITests.xctest */ = {isa = PBXFileReference; explicitFileType = wrapper.cfbundle; includeInIndex = 0; path = SEIMobileAssessmentUITests.xctest; sourceTree = BUILT_PRODUCTS_DIR; };
		A73BA49B2E37EBA9003B1EDB /* README.md */ = {isa = PBXFileReference; lastKnownFileType = net.daringfireball.markdown; path = README.md; sourceTree = "<group>"; };
/* End PBXFileReference section */

/* Begin PBXFileSystemSynchronizedRootGroup section */
		A739F4342E37E26500C90485 /* SEIMobileAssessment */ = {
			isa = PBXFileSystemSynchronizedRootGroup;
			path = SEIMobileAssessment;
			sourceTree = "<group>";
		};
		A739F4422E37E26600C90485 /* SEIMobileAssessmentTests */ = {
			isa = PBXFileSystemSynchronizedRootGroup;
			path = SEIMobileAssessmentTests;
			sourceTree = "<group>";
		};
		A739F44C2E37E26600C90485 /* SEIMobileAssessmentUITests */ = {
			isa = PBXFileSystemSynchronizedRootGroup;
			path = SEIMobileAssessmentUITests;
			sourceTree = "<group>";
		};
/* End PBXFileSystemSynchronizedRootGroup section */

/* Begin PBXFrameworksBuildPhase section */
		A739F42F2E37E26500C90485 /* Frameworks */ = {
			isa = PBXFrameworksBuildPhase;
			buildActionMask = 2147483647;
			files = (
			);
			runOnlyForDeploymentPostprocessing = 0;
		};
		A739F43C2E37E26600C90485 /* Frameworks */ = {
			isa = PBXFrameworksBuildPhase;
			buildActionMask = 2147483647;
			files = (
			);
			runOnlyForDeploymentPostprocessing = 0;
		};
		A739F4462E37E26600C90485 /* Frameworks */ = {
			isa = PBXFrameworksBuildPhase;
			buildActionMask = 2147483647;
			files = (
			);
			runOnlyForDeploymentPostprocessing = 0;
		};
/* End PBXFrameworksBuildPhase section */

/* Begin PBXGroup section */
		A739F4292E37E26500C90485 = {
			isa = PBXGroup;
			children = (
				A73BA49B2E37EBA9003B1EDB /* README.md */,
				A739F4342E37E26500C90485 /* SEIMobileAssessment */,
				A739F4422E37E26600C90485 /* SEIMobileAssessmentTests */,
				A739F44C2E37E26600C90485 /* SEIMobileAssessmentUITests */,
				A739F4332E37E26500C90485 /* Products */,
			);
			sourceTree = "<group>";
		};
		A739F4332E37E26500C90485 /* Products */ = {
			isa = PBXGroup;
			children = (
				A739F4322E37E26500C90485 /* SEIMobileAssessment.app */,
				A739F43F2E37E26600C90485 /* SEIMobileAssessmentTests.xctest */,
				A739F4492E37E26600C90485 /* SEIMobileAssessmentUITests.xctest */,
			);
			name = Products;
			sourceTree = "<group>";
		};
/* End PBXGroup section */

/* Begin PBXNativeTarget section */
		A739F4312E37E26500C90485 /* SEIMobileAssessment */ = {
			isa = PBXNativeTarget;
			buildConfigurationList = A739F4532E37E26600C90485 /* Build configuration list for PBXNativeTarget "SEIMobileAssessment" */;
			buildPhases = (
				A739F42E2E37E26500C90485 /* Sources */,
				A739F42F2E37E26500C90485 /* Frameworks */,
				A739F4302E37E26500C90485 /* Resources */,
			);
			buildRules = (
			);
			dependencies = (
			);
			fileSystemSynchronizedGroups = (
				A739F4342E37E26500C90485 /* SEIMobileAssessment */,
			);
			name = SEIMobileAssessment;
			packageProductDependencies = (
			);
			productName = SEIMobileAssessment;
			productReference = A739F4322E37E26500C90485 /* SEIMobileAssessment.app */;
			productType = "com.apple.product-type.application";
		};
		A739F43E2E37E26600C90485 /* SEIMobileAssessmentTests */ = {
			isa = PBXNativeTarget;
			buildConfigurationList = A739F4562E37E26600C90485 /* Build configuration list for PBXNativeTarget "SEIMobileAssessmentTests" */;
			buildPhases = (
				A739F43B2E37E26600C90485 /* Sources */,
				A739F43C2E37E26600C90485 /* Frameworks */,
				A739F43D2E37E26600C90485 /* Resources */,
			);
			buildRules = (
			);
			dependencies = (
				A739F4412E37E26600C90485 /* PBXTargetDependency */,
			);
			fileSystemSynchronizedGroups = (
				A739F4422E37E26600C90485 /* SEIMobileAssessmentTests */,
			);
			name = SEIMobileAssessmentTests;
			packageProductDependencies = (
			);
			productName = SEIMobileAssessmentTests;
			productReference = A739F43F2E37E26600C90485 /* SEIMobileAssessmentTests.xctest */;
			productType = "com.apple.product-type.bundle.unit-test";
		};
		A739F4482E37E26600C90485 /* SEIMobileAssessmentUITests */ = {
			isa = PBXNativeTarget;
			buildConfigurationList = A739F4592E37E26600C90485 /* Build configuration list for PBXNativeTarget "SEIMobileAssessmentUITests" */;
			buildPhases = (
				A739F4452E37E26600C90485 /* Sources */,
				A739F4462E37E26600C90485 /* Frameworks */,
				A739F4472E37E26600C90485 /* Resources */,
			);
			buildRules = (
			);
			dependencies = (
				A739F44B2E37E26600C90485 /* PBXTargetDependency */,
			);
			fileSystemSynchronizedGroups = (
				A739F44C2E37E26600C90485 /* SEIMobileAssessmentUITests */,
			);
			name = SEIMobileAssessmentUITests;
			packageProductDependencies = (
			);
			productName = SEIMobileAssessmentUITests;
			productReference = A739F4492E37E26600C90485 /* SEIMobileAssessmentUITests.xctest */;
			productType = "com.apple.product-type.bundle.ui-testing";
		};
/* End PBXNativeTarget section */

/* Begin PBXProject section */
		A739F42A2E37E26500C90485 /* Project object */ = {
			isa = PBXProject;
			attributes = {
				BuildIndependentTargetsInParallel = 1;
				LastSwiftUpdateCheck = 1640;
				LastUpgradeCheck = 1640;
				TargetAttributes = {
					A739F4312E37E26500C90485 = {
						CreatedOnToolsVersion = 16.4;
					};
					A739F43E2E37E26600C90485 = {
						CreatedOnToolsVersion = 16.4;
						TestTargetID = A739F4312E37E26500C90485;
					};
					A739F4482E37E26600C90485 = {
						CreatedOnToolsVersion = 16.4;
						TestTargetID = A739F4312E37E26500C90485;
					};
				};
			};
			buildConfigurationList = A739F42D2E37E26500C90485 /* Build configuration list for PBXProject "SEIMobileAssessment" */;
			developmentRegion = en;
			hasScannedForEncodings = 0;
			knownRegions = (
				en,
				Base,
			);
			mainGroup = A739F4292E37E26500C90485;
			minimizedProjectReferenceProxies = 1;
			preferredProjectObjectVersion = 77;
			productRefGroup = A739F4332E37E26500C90485 /* Products */;
			projectDirPath = "";
			projectRoot = "";
			targets = (
				A739F4312E37E26500C90485 /* SEIMobileAssessment */,
				A739F43E2E37E26600C90485 /* SEIMobileAssessmentTests */,
				A739F4482E37E26600C90485 /* SEIMobileAssessmentUITests */,
			);
		};
/* End PBXProject section */

/* Begin PBXResourcesBuildPhase section */
		A739F4302E37E26500C90485 /* Resources */ = {
			isa = PBXResourcesBuildPhase;
			buildActionMask = 2147483647;
			files = (
				A73BA49C2E37EBA9003B1EDB /* README.md in Resources */,
			);
			runOnlyForDeploymentPostprocessing = 0;
		};
		A739F43D2E37E26600C90485 /* Resources */ = {
			isa = PBXResourcesBuildPhase;
			buildActionMask = 2147483647;
			files = (
			);
			runOnlyForDeploymentPostprocessing = 0;
		};
		A739F4472E37E26600C90485 /* Resources */ = {
			isa = PBXResourcesBuildPhase;
			buildActionMask = 2147483647;
			files = (
			);
			runOnlyForDeploymentPostprocessing = 0;
		};
/* End PBXResourcesBuildPhase section */

/* Begin PBXSourcesBuildPhase section */
		A739F42E2E37E26500C90485 /* Sources */ = {
			isa = PBXSourcesBuildPhase;
			buildActionMask = 2147483647;
			files = (
			);
			runOnlyForDeploymentPostprocessing = 0;
		};
		A739F43B2E37E26600C90485 /* Sources */ = {
			isa = PBXSourcesBuildPhase;
			buildActionMask = 2147483647;
			files = (
			);
			runOnlyForDeploymentPostprocessing = 0;
		};
		A739F4452E37E26600C90485 /* Sources */ = {
			isa = PBXSourcesBuildPhase;
			buildActionMask = 2147483647;
			files = (
			);
			runOnlyForDeploymentPostprocessing = 0;
		};
/* End PBXSourcesBuildPhase section */

/* Begin PBXTargetDependency section */
		A739F4412E37E26600C90485 /* PBXTargetDependency */ = {
			isa = PBXTargetDependency;
			target = A739F4312E37E26500C90485 /* SEIMobileAssessment */;
			targetProxy = A739F4402E37E26600C90485 /* PBXContainerItemProxy */;
		};
		A739F44B2E37E26600C90485 /* PBXTargetDependency */ = {
			isa = PBXTargetDependency;
			target = A739F4312E37E26500C90485 /* SEIMobileAssessment */;
			targetProxy = A739F44A2E37E26600C90485 /* PBXContainerItemProxy */;
		};
/* End PBXTargetDependency section */

/* Begin XCBuildConfiguration section */
		A739F4512E37E26600C90485 /* Debug */ = {
			isa = XCBuildConfiguration;
			buildSettings = {
				ALWAYS_SEARCH_USER_PATHS = NO;
				ASSETCATALOG_COMPILER_GENERATE_SWIFT_ASSET_SYMBOL_EXTENSIONS = YES;
				CLANG_ANALYZER_NONNULL = YES;
				CLANG_ANALYZER_NUMBER_OBJECT_CONVERSION = YES_AGGRESSIVE;
				CLANG_CXX_LANGUAGE_STANDARD = "gnu++20";
				CLANG_ENABLE_MODULES = YES;
				CLANG_ENABLE_OBJC_ARC = YES;
				CLANG_ENABLE_OBJC_WEAK = YES;
				CLANG_WARN_BLOCK_CAPTURE_AUTORELEASING = YES;
				CLANG_WARN_BOOL_CONVERSION = YES;
				CLANG_WARN_COMMA = YES;
				CLANG_WARN_CONSTANT_CONVERSION = YES;
				CLANG_WARN_DEPRECATED_OBJC_IMPLEMENTATIONS = YES;
				CLANG_WARN_DIRECT_OBJC_ISA_USAGE = YES_ERROR;
				CLANG_WARN_DOCUMENTATION_COMMENTS = YES;
				CLANG_WARN_EMPTY_BODY = YES;
				CLANG_WARN_ENUM_CONVERSION = YES;
				CLANG_WARN_INFINITE_RECURSION = YES;
				CLANG_WARN_INT_CONVERSION = YES;
				CLANG_WARN_NON_LITERAL_NULL_CONVERSION = YES;
				CLANG_WARN_OBJC_IMPLICIT_RETAIN_SELF = YES;
				CLANG_WARN_OBJC_LITERAL_CONVERSION = YES;
				CLANG_WARN_OBJC_ROOT_CLASS = YES_ERROR;
				CLANG_WARN_QUOTED_INCLUDE_IN_FRAMEWORK_HEADER = YES;
				CLANG_WARN_RANGE_LOOP_ANALYSIS = YES;
				CLANG_WARN_STRICT_PROTOTYPES = YES;
				CLANG_WARN_SUSPICIOUS_MOVE = YES;
				CLANG_WARN_UNGUARDED_AVAILABILITY = YES_AGGRESSIVE;
				CLANG_WARN_UNREACHABLE_CODE = YES;
				CLANG_WARN__DUPLICATE_METHOD_MATCH = YES;
				COPY_PHASE_STRIP = NO;
				DEBUG_INFORMATION_FORMAT = dwarf;
				DEVELOPMENT_TEAM = 5E3MK9462Q;
				ENABLE_STRICT_OBJC_MSGSEND = YES;
				ENABLE_TESTABILITY = YES;
				ENABLE_USER_SCRIPT_SANDBOXING = YES;
				GCC_C_LANGUAGE_STANDARD = gnu17;
				GCC_DYNAMIC_NO_PIC = NO;
				GCC_NO_COMMON_BLOCKS = YES;
				GCC_OPTIMIZATION_LEVEL = 0;
				GCC_PREPROCESSOR_DEFINITIONS = (
					"DEBUG=1",
					"$(inherited)",
				);
				GCC_WARN_64_TO_32_BIT_CONVERSION = YES;
				GCC_WARN_ABOUT_RETURN_TYPE = YES_ERROR;
				GCC_WARN_UNDECLARED_SELECTOR = YES;
				GCC_WARN_UNINITIALIZED_AUTOS = YES_AGGRESSIVE;
				GCC_WARN_UNUSED_FUNCTION = YES;
				GCC_WARN_UNUSED_VARIABLE = YES;
				IPHONEOS_DEPLOYMENT_TARGET = 18.5;
				LOCALIZATION_PREFERS_STRING_CATALOGS = YES;
				MTL_ENABLE_DEBUG_INFO = INCLUDE_SOURCE;
				MTL_FAST_MATH = YES;
				ONLY_ACTIVE_ARCH = YES;
				SDKROOT = iphoneos;
				SWIFT_ACTIVE_COMPILATION_CONDITIONS = "DEBUG $(inherited)";
				SWIFT_OPTIMIZATION_LEVEL = "-Onone";
			};
			name = Debug;
		};
		A739F4522E37E26600C90485 /* Release */ = {
			isa = XCBuildConfiguration;
			buildSettings = {
				ALWAYS_SEARCH_USER_PATHS = NO;
				ASSETCATALOG_COMPILER_GENERATE_SWIFT_ASSET_SYMBOL_EXTENSIONS = YES;
				CLANG_ANALYZER_NONNULL = YES;
				CLANG_ANALYZER_NUMBER_OBJECT_CONVERSION = YES_AGGRESSIVE;
				CLANG_CXX_LANGUAGE_STANDARD = "gnu++20";
				CLANG_ENABLE_MODULES = YES;
				CLANG_ENABLE_OBJC_ARC = YES;
				CLANG_ENABLE_OBJC_WEAK = YES;
				CLANG_WARN_BLOCK_CAPTURE_AUTORELEASING = YES;
				CLANG_WARN_BOOL_CONVERSION = YES;
				CLANG_WARN_COMMA = YES;
				CLANG_WARN_CONSTANT_CONVERSION = YES;
				CLANG_WARN_DEPRECATED_OBJC_IMPLEMENTATIONS = YES;
				CLANG_WARN_DIRECT_OBJC_ISA_USAGE = YES_ERROR;
				CLANG_WARN_DOCUMENTATION_COMMENTS = YES;
				CLANG_WARN_EMPTY_BODY = YES;
				CLANG_WARN_ENUM_CONVERSION = YES;
				CLANG_WARN_INFINITE_RECURSION = YES;
				CLANG_WARN_INT_CONVERSION = YES;
				CLANG_WARN_NON_LITERAL_NULL_CONVERSION = YES;
				CLANG_WARN_OBJC_IMPLICIT_RETAIN_SELF = YES;
				CLANG_WARN_OBJC_LITERAL_CONVERSION = YES;
				CLANG_WARN_OBJC_ROOT_CLASS = YES_ERROR;
				CLANG_WARN_QUOTED_INCLUDE_IN_FRAMEWORK_HEADER = YES;
				CLANG_WARN_RANGE_LOOP_ANALYSIS = YES;
				CLANG_WARN_STRICT_PROTOTYPES = YES;
				CLANG_WARN_SUSPICIOUS_MOVE = YES;
				CLANG_WARN_UNGUARDED_AVAILABILITY = YES_AGGRESSIVE;
				CLANG_WARN_UNREACHABLE_CODE = YES;
				CLANG_WARN__DUPLICATE_METHOD_MATCH = YES;
				COPY_PHASE_STRIP = NO;
				DEBUG_INFORMATION_FORMAT = "dwarf-with-dsym";
				DEVELOPMENT_TEAM = 5E3MK9462Q;
				ENABLE_NS_ASSERTIONS = NO;
				ENABLE_STRICT_OBJC_MSGSEND = YES;
				ENABLE_USER_SCRIPT_SANDBOXING = YES;
				GCC_C_LANGUAGE_STANDARD = gnu17;
				GCC_NO_COMMON_BLOCKS = YES;
				GCC_WARN_64_TO_32_BIT_CONVERSION = YES;
				GCC_WARN_ABOUT_RETURN_TYPE = YES_ERROR;
				GCC_WARN_UNDECLARED_SELECTOR = YES;
				GCC_WARN_UNINITIALIZED_AUTOS = YES_AGGRESSIVE;
				GCC_WARN_UNUSED_FUNCTION = YES;
				GCC_WARN_UNUSED_VARIABLE = YES;
				IPHONEOS_DEPLOYMENT_TARGET = 18.5;
				LOCALIZATION_PREFERS_STRING_CATALOGS = YES;
				MTL_ENABLE_DEBUG_INFO = NO;
				MTL_FAST_MATH = YES;
				SDKROOT = iphoneos;
				SWIFT_COMPILATION_MODE = wholemodule;
				VALIDATE_PRODUCT = YES;
			};
			name = Release;
		};
		A739F4542E37E26600C90485 /* Debug */ = {
			isa = XCBuildConfiguration;
			buildSettings = {
				ASSETCATALOG_COMPILER_APPICON_NAME = AppIcon;
				ASSETCATALOG_COMPILER_GLOBAL_ACCENT_COLOR_NAME = AccentColor;
				CODE_SIGN_STYLE = Automatic;
				CURRENT_PROJECT_VERSION = 1;
				DEVELOPMENT_TEAM = 5E3MK9462Q;
				ENABLE_PREVIEWS = YES;
				GENERATE_INFOPLIST_FILE = YES;
				INFOPLIST_KEY_UIApplicationSceneManifest_Generation = YES;
				INFOPLIST_KEY_UIApplicationSupportsIndirectInputEvents = YES;
				INFOPLIST_KEY_UILaunchScreen_Generation = YES;
				INFOPLIST_KEY_UISupportedInterfaceOrientations_iPad = "UIInterfaceOrientationPortrait UIInterfaceOrientationPortraitUpsideDown UIInterfaceOrientationLandscapeLeft UIInterfaceOrientationLandscapeRight";
				INFOPLIST_KEY_UISupportedInterfaceOrientations_iPhone = "UIInterfaceOrientationPortrait UIInterfaceOrientationLandscapeLeft UIInterfaceOrientationLandscapeRight";
				INFOPLIST_KEY_UIUserInterfaceStyle = Light;
				LD_RUNPATH_SEARCH_PATHS = (
					"$(inherited)",
					"@executable_path/Frameworks",
				);
				MARKETING_VERSION = 1.0;
				PRODUCT_BUNDLE_IDENTIFIER = com.paray.seimobileassessment.SEIMobileAssessment;
				PRODUCT_NAME = "$(TARGET_NAME)";
				SWIFT_EMIT_LOC_STRINGS = YES;
				SWIFT_VERSION = 5.0;
				TARGETED_DEVICE_FAMILY = "1,2";
			};
			name = Debug;
		};
		A739F4552E37E26600C90485 /* Release */ = {
			isa = XCBuildConfiguration;
			buildSettings = {
				ASSETCATALOG_COMPILER_APPICON_NAME = AppIcon;
				ASSETCATALOG_COMPILER_GLOBAL_ACCENT_COLOR_NAME = AccentColor;
				CODE_SIGN_STYLE = Automatic;
				CURRENT_PROJECT_VERSION = 1;
				DEVELOPMENT_TEAM = 5E3MK9462Q;
				ENABLE_PREVIEWS = YES;
				GENERATE_INFOPLIST_FILE = YES;
				INFOPLIST_KEY_UIApplicationSceneManifest_Generation = YES;
				INFOPLIST_KEY_UIApplicationSupportsIndirectInputEvents = YES;
				INFOPLIST_KEY_UILaunchScreen_Generation = YES;
				INFOPLIST_KEY_UISupportedInterfaceOrientations_iPad = "UIInterfaceOrientationPortrait UIInterfaceOrientationPortraitUpsideDown UIInterfaceOrientationLandscapeLeft UIInterfaceOrientationLandscapeRight";
				INFOPLIST_KEY_UISupportedInterfaceOrientations_iPhone = "UIInterfaceOrientationPortrait UIInterfaceOrientationLandscapeLeft UIInterfaceOrientationLandscapeRight";
				INFOPLIST_KEY_UIUserInterfaceStyle = Light;
				LD_RUNPATH_SEARCH_PATHS = (
					"$(inherited)",
					"@executable_path/Frameworks",
				);
				MARKETING_VERSION = 1.0;
				PRODUCT_BUNDLE_IDENTIFIER = com.paray.seimobileassessment.SEIMobileAssessment;
				PRODUCT_NAME = "$(TARGET_NAME)";
				SWIFT_EMIT_LOC_STRINGS = YES;
				SWIFT_VERSION = 5.0;
				TARGETED_DEVICE_FAMILY = "1,2";
			};
			name = Release;
		};
		A739F4572E37E26600C90485 /* Debug */ = {
			isa = XCBuildConfiguration;
			buildSettings = {
				BUNDLE_LOADER = "$(TEST_HOST)";
				CODE_SIGN_STYLE = Automatic;
				CURRENT_PROJECT_VERSION = 1;
				DEVELOPMENT_TEAM = 5E3MK9462Q;
				GENERATE_INFOPLIST_FILE = YES;
				IPHONEOS_DEPLOYMENT_TARGET = 18.5;
				MARKETING_VERSION = 1.0;
				PRODUCT_BUNDLE_IDENTIFIER = com.paray.seimobileassessment.SEIMobileAssessmentTests;
				PRODUCT_NAME = "$(TARGET_NAME)";
				SWIFT_EMIT_LOC_STRINGS = NO;
				SWIFT_VERSION = 5.0;
				TARGETED_DEVICE_FAMILY = "1,2";
				TEST_HOST = "$(BUILT_PRODUCTS_DIR)/SEIMobileAssessment.app/$(BUNDLE_EXECUTABLE_FOLDER_PATH)/SEIMobileAssessment";
			};
			name = Debug;
		};
		A739F4582E37E26600C90485 /* Release */ = {
			isa = XCBuildConfiguration;
			buildSettings = {
				BUNDLE_LOADER = "$(TEST_HOST)";
				CODE_SIGN_STYLE = Automatic;
				CURRENT_PROJECT_VERSION = 1;
				DEVELOPMENT_TEAM = 5E3MK9462Q;
				GENERATE_INFOPLIST_FILE = YES;
				IPHONEOS_DEPLOYMENT_TARGET = 18.5;
				MARKETING_VERSION = 1.0;
				PRODUCT_BUNDLE_IDENTIFIER = com.paray.seimobileassessment.SEIMobileAssessmentTests;
				PRODUCT_NAME = "$(TARGET_NAME)";
				SWIFT_EMIT_LOC_STRINGS = NO;
				SWIFT_VERSION = 5.0;
				TARGETED_DEVICE_FAMILY = "1,2";
				TEST_HOST = "$(BUILT_PRODUCTS_DIR)/SEIMobileAssessment.app/$(BUNDLE_EXECUTABLE_FOLDER_PATH)/SEIMobileAssessment";
			};
			name = Release;
		};
		A739F45A2E37E26600C90485 /* Debug */ = {
			isa = XCBuildConfiguration;
			buildSettings = {
				CODE_SIGN_STYLE = Automatic;
				CURRENT_PROJECT_VERSION = 1;
				DEVELOPMENT_TEAM = 5E3MK9462Q;
				GENERATE_INFOPLIST_FILE = YES;
				MARKETING_VERSION = 1.0;
				PRODUCT_BUNDLE_IDENTIFIER = com.paray.seimobileassessment.SEIMobileAssessmentUITests;
				PRODUCT_NAME = "$(TARGET_NAME)";
				SWIFT_EMIT_LOC_STRINGS = NO;
				SWIFT_VERSION = 5.0;
				TARGETED_DEVICE_FAMILY = "1,2";
				TEST_TARGET_NAME = SEIMobileAssessment;
			};
			name = Debug;
		};
		A739F45B2E37E26600C90485 /* Release */ = {
			isa = XCBuildConfiguration;
			buildSettings = {
				CODE_SIGN_STYLE = Automatic;
				CURRENT_PROJECT_VERSION = 1;
				DEVELOPMENT_TEAM = 5E3MK9462Q;
				GENERATE_INFOPLIST_FILE = YES;
				MARKETING_VERSION = 1.0;
				PRODUCT_BUNDLE_IDENTIFIER = com.paray.seimobileassessment.SEIMobileAssessmentUITests;
				PRODUCT_NAME = "$(TARGET_NAME)";
				SWIFT_EMIT_LOC_STRINGS = NO;
				SWIFT_VERSION = 5.0;
				TARGETED_DEVICE_FAMILY = "1,2";
				TEST_TARGET_NAME = SEIMobileAssessment;
			};
			name = Release;
		};
/* End XCBuildConfiguration section */

/* Begin XCConfigurationList section */
		A739F42D2E37E26500C90485 /* Build configuration list for PBXProject "SEIMobileAssessment" */ = {
			isa = XCConfigurationList;
			buildConfigurations = (
				A739F4512E37E26600C90485 /* Debug */,
				A739F4522E37E26600C90485 /* Release */,
			);
			defaultConfigurationIsVisible = 0;
			defaultConfigurationName = Release;
		};
		A739F4532E37E26600C90485 /* Build configuration list for PBXNativeTarget "SEIMobileAssessment" */ = {
			isa = XCConfigurationList;
			buildConfigurations = (
				A739F4542E37E26600C90485 /* Debug */,
				A739F4552E37E26600C90485 /* Release */,
			);
			defaultConfigurationIsVisible = 0;
			defaultConfigurationName = Release;
		};
		A739F4562E37E26600C90485 /* Build configuration list for PBXNativeTarget "SEIMobileAssessmentTests" */ = {
			isa = XCConfigurationList;
			buildConfigurations = (
				A739F4572E37E26600C90485 /* Debug */,
				A739F4582E37E26600C90485 /* Release */,
			);
			defaultConfigurationIsVisible = 0;
			defaultConfigurationName = Release;
		};
		A739F4592E37E26600C90485 /* Build configuration list for PBXNativeTarget "SEIMobileAssessmentUITests" */ = {
			isa = XCConfigurationList;
			buildConfigurations = (
				A739F45A2E37E26600C90485 /* Debug */,
				A739F45B2E37E26600C90485 /* Release */,
			);
			defaultConfigurationIsVisible = 0;
			defaultConfigurationName = Release;
		};
/* End XCConfigurationList section */
	};
	rootObject = A739F42A2E37E26500C90485 /* Project object */;
}
